
Microsoft Visual Studio Solution File, Format Version 12.00
# Visual Studio 15
Project("{FAE04EC0-301F-11D3-BF4B-00C04F79EFBC}") = "Exercises", "Exercises\Exercises.csproj", "{8C16E19E-55E0-4E6C-A912-C7554A38ACF8}"
EndProject
Project("{FAE04EC0-301F-11D3-BF4B-00C04F79EFBC}") = "ClassLibrary", "ClassLibrary\ClassLibrary.csproj", "{382FFAF1-5C1E-4298-AE9B-053AF025EC94}"
EndProject
Project("{FAE04EC0-301F-11D3-BF4B-00C04F79EFBC}") = "MyCodeLibrary", "MyCodeLibrary\MyCodeLibrary.csproj", "{7398A563-2DBC-44D0-8092-8EC2836EE574}"
EndProject
Project("{FAE04EC0-301F-11D3-BF4B-00C04F79EFBC}") = "Collections", "Collections\Collections.csproj", "{C9FC4A94-A3EA-4346-BCF5-08FF4FE9A382}"
EndProject
Project("{FAE04EC0-301F-11D3-BF4B-00C04F79EFBC}") = "LINQ", "LINQ\LINQ.csproj", "{B2C94361-913A-4AAF-9027-8919BC038E6B}"
EndProject
Project("{FAE04EC0-301F-11D3-BF4B-00C04F79EFBC}") = "EnumAndSwitch", "EnumAndSwitch\EnumAndSwitch.csproj", "{61B65C1C-E846-41B6-A8B1-F690A28EFEFE}"
EndProject
Project("{2150E333-8FDC-42A3-9474-1A3956D46DE8}") = "WEEK 1 C#", "WEEK 1 C#", "{F073094E-87FF-47BD-9B8E-20BF7F56E034}"
EndProject
Project("{2150E333-8FDC-42A3-9474-1A3956D46DE8}") = "Week 4 MVC", "Week 4 MVC", "{177D20C3-93AB-4AC8-A5C2-725A55F88256}"
EndProject
Project("{FAE04EC0-301F-11D3-BF4B-00C04F79EFBC}") = "MVC_1", "MVC_1\MVC_1.csproj", "{1E65030A-0714-4857-9DB8-073D901F3803}"
EndProject
Global
	GlobalSection(SolutionConfigurationPlatforms) = preSolution
		Debug|x86 = Debug|x86
		Release|x86 = Release|x86
	EndGlobalSection
	GlobalSection(ProjectConfigurationPlatforms) = postSolution
		{8C16E19E-55E0-4E6C-A912-C7554A38ACF8}.Debug|x86.ActiveCfg = Debug|x86
		{8C16E19E-55E0-4E6C-A912-C7554A38ACF8}.Debug|x86.Build.0 = Debug|x86
		{8C16E19E-55E0-4E6C-A912-C7554A38ACF8}.Release|x86.ActiveCfg = Release|x86
		{8C16E19E-55E0-4E6C-A912-C7554A38ACF8}.Release|x86.Build.0 = Release|x86
		{382FFAF1-5C1E-4298-AE9B-053AF025EC94}.Debug|x86.ActiveCfg = Debug|x86
		{382FFAF1-5C1E-4298-AE9B-053AF025EC94}.Debug|x86.Build.0 = Debug|x86
		{382FFAF1-5C1E-4298-AE9B-053AF025EC94}.Release|x86.ActiveCfg = Release|x86
		{382FFAF1-5C1E-4298-AE9B-053AF025EC94}.Release|x86.Build.0 = Release|x86
		{7398A563-2DBC-44D0-8092-8EC2836EE574}.Debug|x86.ActiveCfg = Debug|Any CPU
		{7398A563-2DBC-44D0-8092-8EC2836EE574}.Debug|x86.Build.0 = Debug|Any CPU
		{7398A563-2DBC-44D0-8092-8EC2836EE574}.Release|x86.ActiveCfg = Release|Any CPU
		{7398A563-2DBC-44D0-8092-8EC2836EE574}.Release|x86.Build.0 = Release|Any CPU
		{C9FC4A94-A3EA-4346-BCF5-08FF4FE9A382}.Debug|x86.ActiveCfg = Debug|x86
		{C9FC4A94-A3EA-4346-BCF5-08FF4FE9A382}.Debug|x86.Build.0 = Debug|x86
		{C9FC4A94-A3EA-4346-BCF5-08FF4FE9A382}.Release|x86.ActiveCfg = Release|x86
		{C9FC4A94-A3EA-4346-BCF5-08FF4FE9A382}.Release|x86.Build.0 = Release|x86
		{B2C94361-913A-4AAF-9027-8919BC038E6B}.Debug|x86.ActiveCfg = Debug|x86
		{B2C94361-913A-4AAF-9027-8919BC038E6B}.Debug|x86.Build.0 = Debug|x86
		{B2C94361-913A-4AAF-9027-8919BC038E6B}.Release|x86.ActiveCfg = Release|x86
		{B2C94361-913A-4AAF-9027-8919BC038E6B}.Release|x86.Build.0 = Release|x86
		{61B65C1C-E846-41B6-A8B1-F690A28EFEFE}.Debug|x86.ActiveCfg = Debug|x86
		{61B65C1C-E846-41B6-A8B1-F690A28EFEFE}.Debug|x86.Build.0 = Debug|x86
		{61B65C1C-E846-41B6-A8B1-F690A28EFEFE}.Release|x86.ActiveCfg = Release|x86
		{61B65C1C-E846-41B6-A8B1-F690A28EFEFE}.Release|x86.Build.0 = Release|x86
		{1E65030A-0714-4857-9DB8-073D901F3803}.Debug|x86.ActiveCfg = Debug|Any CPU
		{1E65030A-0714-4857-9DB8-073D901F3803}.Debug|x86.Build.0 = Debug|Any CPU
		{1E65030A-0714-4857-9DB8-073D901F3803}.Release|x86.ActiveCfg = Release|Any CPU
		{1E65030A-0714-4857-9DB8-073D901F3803}.Release|x86.Build.0 = Release|Any CPU
	EndGlobalSection
	GlobalSection(NestedProjects) = preSolution
		{382FFAF1-5C1E-4298-AE9B-053AF025EC94} = {F073094E-87FF-47BD-9B8E-20BF7F56E034}
		{C9FC4A94-A3EA-4346-BCF5-08FF4FE9A382} = {F073094E-87FF-47BD-9B8E-20BF7F56E034}
		{61B65C1C-E846-41B6-A8B1-F690A28EFEFE} = {F073094E-87FF-47BD-9B8E-20BF7F56E034}
		{8C16E19E-55E0-4E6C-A912-C7554A38ACF8} = {F073094E-87FF-47BD-9B8E-20BF7F56E034}
		{B2C94361-913A-4AAF-9027-8919BC038E6B} = {F073094E-87FF-47BD-9B8E-20BF7F56E034}
		{7398A563-2DBC-44D0-8092-8EC2836EE574} = {F073094E-87FF-47BD-9B8E-20BF7F56E034}
		{1E65030A-0714-4857-9DB8-073D901F3803} = {177D20C3-93AB-4AC8-A5C2-725A55F88256}
	EndGlobalSection
EndGlobal
